
Microsoft Visual Studio Solution File, Format Version 12.00
# Visual Studio Version 17
VisualStudioVersion = 17.1.32228.430
MinimumVisualStudioVersion = 10.0.40219.1
Project("{FAE04EC0-301F-11D3-BF4B-00C04F79EFBC}") = "IdeiActivitati.UWP", "IdeiActivitati\IdeiActivitati.UWP\IdeiActivitati.UWP.csproj", "{8CE84710-3276-4A82-8355-FA62D848AC06}"
EndProject
Project("{FAE04EC0-301F-11D3-BF4B-00C04F79EFBC}") = "IdeiActivitati.Android", "IdeiActivitati\IdeiActivitati.Android\IdeiActivitati.Android.csproj", "{BCC433C7-9DD5-4506-901C-5E817ADE1D8E}"
EndProject
Project("{FAE04EC0-301F-11D3-BF4B-00C04F79EFBC}") = "IdeiActivitati.iOS", "IdeiActivitati\IdeiActivitati.iOS\IdeiActivitati.iOS.csproj", "{AD5C7266-69A0-4FF1-B643-957180618E17}"
EndProject
Project("{FAE04EC0-301F-11D3-BF4B-00C04F79EFBC}") = "IdeiActivitati", "IdeiActivitati\IdeiActivitati\IdeiActivitati.csproj", "{E452B2DE-CAB5-4E69-8D27-522E2A9CE48B}"
EndProject
Global
	GlobalSection(SolutionConfigurationPlatforms) = preSolution
		Debug|Any CPU = Debug|Any CPU
		Debug|ARM = Debug|ARM
		Debug|iPhone = Debug|iPhone
		Debug|iPhoneSimulator = Debug|iPhoneSimulator
		Debug|x64 = Debug|x64
		Debug|x86 = Debug|x86
		Release|Any CPU = Release|Any CPU
		Release|ARM = Release|ARM
		Release|iPhone = Release|iPhone
		Release|iPhoneSimulator = Release|iPhoneSimulator
		Release|x64 = Release|x64
		Release|x86 = Release|x86
	EndGlobalSection
	GlobalSection(ProjectConfigurationPlatforms) = postSolution
		{8CE84710-3276-4A82-8355-FA62D848AC06}.Debug|Any CPU.ActiveCfg = Debug|x64
		{8CE84710-3276-4A82-8355-FA62D848AC06}.Debug|Any CPU.Build.0 = Debug|x64
		{8CE84710-3276-4A82-8355-FA62D848AC06}.Debug|Any CPU.Deploy.0 = Debug|x64
		{8CE84710-3276-4A82-8355-FA62D848AC06}.Debug|ARM.ActiveCfg = Debug|ARM
		{8CE84710-3276-4A82-8355-FA62D848AC06}.Debug|ARM.Build.0 = Debug|ARM
		{8CE84710-3276-4A82-8355-FA62D848AC06}.Debug|ARM.Deploy.0 = Debug|ARM
		{8CE84710-3276-4A82-8355-FA62D848AC06}.Debug|iPhone.ActiveCfg = Debug|x64
		{8CE84710-3276-4A82-8355-FA62D848AC06}.Debug|iPhone.Build.0 = Debug|x64
		{8CE84710-3276-4A82-8355-FA62D848AC06}.Debug|iPhone.Deploy.0 = Debug|x64
		{8CE84710-3276-4A82-8355-FA62D848AC06}.Debug|iPhoneSimulator.ActiveCfg = Debug|x64
		{8CE84710-3276-4A82-8355-FA62D848AC06}.Debug|iPhoneSimulator.Build.0 = Debug|x64
		{8CE84710-3276-4A82-8355-FA62D848AC06}.Debug|iPhoneSimulator.Deploy.0 = Debug|x64
		{8CE84710-3276-4A82-8355-FA62D848AC06}.Debug|x64.ActiveCfg = Debug|x64
		{8CE84710-3276-4A82-8355-FA62D848AC06}.Debug|x64.Build.0 = Debug|x64
		{8CE84710-3276-4A82-8355-FA62D848AC06}.Debug|x64.Deploy.0 = Debug|x64
		{8CE84710-3276-4A82-8355-FA62D848AC06}.Debug|x86.ActiveCfg = Debug|x86
		{8CE84710-3276-4A82-8355-FA62D848AC06}.Debug|x86.Build.0 = Debug|x86
		{8CE84710-3276-4A82-8355-FA62D848AC06}.Debug|x86.Deploy.0 = Debug|x86
		{8CE84710-3276-4A82-8355-FA62D848AC06}.Release|Any CPU.ActiveCfg = Release|x64
		{8CE84710-3276-4A82-8355-FA62D848AC06}.Release|Any CPU.Build.0 = Release|x64
		{8CE84710-3276-4A82-8355-FA62D848AC06}.Release|Any CPU.Deploy.0 = Release|x64
		{8CE84710-3276-4A82-8355-FA62D848AC06}.Release|ARM.ActiveCfg = Release|ARM
		{8CE84710-3276-4A82-8355-FA62D848AC06}.Release|ARM.Build.0 = Release|ARM
		{8CE84710-3276-4A82-8355-FA62D848AC06}.Release|ARM.Deploy.0 = Release|ARM
		{8CE84710-3276-4A82-8355-FA62D848AC06}.Release|iPhone.ActiveCfg = Release|x64
		{8CE84710-3276-4A82-8355-FA62D848AC06}.Release|iPhone.Build.0 = Release|x64
		{8CE84710-3276-4A82-8355-FA62D848AC06}.Release|iPhone.Deploy.0 = Release|x64
		{8CE84710-3276-4A82-8355-FA62D848AC06}.Release|iPhoneSimulator.ActiveCfg = Release|x64
		{8CE84710-3276-4A82-8355-FA62D848AC06}.Release|iPhoneSimulator.Build.0 = Release|x64
		{8CE84710-3276-4A82-8355-FA62D848AC06}.Release|iPhoneSimulator.Deploy.0 = Release|x64
		{8CE84710-3276-4A82-8355-FA62D848AC06}.Release|x64.ActiveCfg = Release|x64
		{8CE84710-3276-4A82-8355-FA62D848AC06}.Release|x64.Build.0 = Release|x64
		{8CE84710-3276-4A82-8355-FA62D848AC06}.Release|x64.Deploy.0 = Release|x64
		{8CE84710-3276-4A82-8355-FA62D848AC06}.Release|x86.ActiveCfg = Release|x86
		{8CE84710-3276-4A82-8355-FA62D848AC06}.Release|x86.Build.0 = Release|x86
		{8CE84710-3276-4A82-8355-FA62D848AC06}.Release|x86.Deploy.0 = Release|x86
		{BCC433C7-9DD5-4506-901C-5E817ADE1D8E}.Debug|Any CPU.ActiveCfg = Debug|Any CPU
		{BCC433C7-9DD5-4506-901C-5E817ADE1D8E}.Debug|Any CPU.Build.0 = Debug|Any CPU
		{BCC433C7-9DD5-4506-901C-5E817ADE1D8E}.Debug|Any CPU.Deploy.0 = Debug|Any CPU
		{BCC433C7-9DD5-4506-901C-5E817ADE1D8E}.Debug|ARM.ActiveCfg = Debug|Any CPU
		{BCC433C7-9DD5-4506-901C-5E817ADE1D8E}.Debug|ARM.Build.0 = Debug|Any CPU
		{BCC433C7-9DD5-4506-901C-5E817ADE1D8E}.Debug|ARM.Deploy.0 = Debug|Any CPU
		{BCC433C7-9DD5-4506-901C-5E817ADE1D8E}.Debug|iPhone.ActiveCfg = Debug|Any CPU
		{BCC433C7-9DD5-4506-901C-5E817ADE1D8E}.Debug|iPhone.Build.0 = Debug|Any CPU
		{BCC433C7-9DD5-4506-901C-5E817ADE1D8E}.Debug|iPhone.Deploy.0 = Debug|Any CPU
		{BCC433C7-9DD5-4506-901C-5E817ADE1D8E}.Debug|iPhoneSimulator.ActiveCfg = Debug|Any CPU
		{BCC433C7-9DD5-4506-901C-5E817ADE1D8E}.Debug|iPhoneSimulator.Build.0 = Debug|Any CPU
		{BCC433C7-9DD5-4506-901C-5E817ADE1D8E}.Debug|iPhoneSimulator.Deploy.0 = Debug|Any CPU
		{BCC433C7-9DD5-4506-901C-5E817ADE1D8E}.Debug|x64.ActiveCfg = Debug|Any CPU
		{BCC433C7-9DD5-4506-901C-5E817ADE1D8E}.Debug|x64.Build.0 = Debug|Any CPU
		{BCC433C7-9DD5-4506-901C-5E817ADE1D8E}.Debug|x64.Deploy.0 = Debug|Any CPU
		{BCC433C7-9DD5-4506-901C-5E817ADE1D8E}.Debug|x86.ActiveCfg = Debug|Any CPU
		{BCC433C7-9DD5-4506-901C-5E817ADE1D8E}.Debug|x86.Build.0 = Debug|Any CPU
		{BCC433C7-9DD5-4506-901C-5E817ADE1D8E}.Debug|x86.Deploy.0 = Debug|Any CPU
		{BCC433C7-9DD5-4506-901C-5E817ADE1D8E}.Release|Any CPU.ActiveCfg = Release|Any CPU
		{BCC433C7-9DD5-4506-901C-5E817ADE1D8E}.Release|Any CPU.Build.0 = Release|Any CPU
		{BCC433C7-9DD5-4506-901C-5E817ADE1D8E}.Release|Any CPU.Deploy.0 = Release|Any CPU
		{BCC433C7-9DD5-4506-901C-5E817ADE1D8E}.Release|ARM.ActiveCfg = Release|Any CPU
		{BCC433C7-9DD5-4506-901C-5E817ADE1D8E}.Release|ARM.Build.0 = Release|Any CPU
		{BCC433C7-9DD5-4506-901C-5E817ADE1D8E}.Release|ARM.Deploy.0 = Release|Any CPU
		{BCC433C7-9DD5-4506-901C-5E817ADE1D8E}.Release|iPhone.ActiveCfg = Release|Any CPU
		{BCC433C7-9DD5-4506-901C-5E817ADE1D8E}.Release|iPhone.Build.0 = Release|Any CPU
		{BCC433C7-9DD5-4506-901C-5E817ADE1D8E}.Release|iPhone.Deploy.0 = Release|Any CPU
		{BCC433C7-9DD5-4506-901C-5E817ADE1D8E}.Release|iPhoneSimulator.ActiveCfg = Release|Any CPU
		{BCC433C7-9DD5-4506-901C-5E817ADE1D8E}.Release|iPhoneSimulator.Build.0 = Release|Any CPU
		{BCC433C7-9DD5-4506-901C-5E817ADE1D8E}.Release|iPhoneSimulator.Deploy.0 = Release|Any CPU
		{BCC433C7-9DD5-4506-901C-5E817ADE1D8E}.Release|x64.ActiveCfg = Release|Any CPU
		{BCC433C7-9DD5-4506-901C-5E817ADE1D8E}.Release|x64.Build.0 = Release|Any CPU
		{BCC433C7-9DD5-4506-901C-5E817ADE1D8E}.Release|x64.Deploy.0 = Release|Any CPU
		{BCC433C7-9DD5-4506-901C-5E817ADE1D8E}.Release|x86.ActiveCfg = Release|Any CPU
		{BCC433C7-9DD5-4506-901C-5E817ADE1D8E}.Release|x86.Build.0 = Release|Any CPU
		{BCC433C7-9DD5-4506-901C-5E817ADE1D8E}.Release|x86.Deploy.0 = Release|Any CPU
		{AD5C7266-69A0-4FF1-B643-957180618E17}.Debug|Any CPU.ActiveCfg = Debug|iPhoneSimulator
		{AD5C7266-69A0-4FF1-B643-957180618E17}.Debug|Any CPU.Build.0 = Debug|iPhoneSimulator
		{AD5C7266-69A0-4FF1-B643-957180618E17}.Debug|Any CPU.Deploy.0 = Debug|iPhoneSimulator
		{AD5C7266-69A0-4FF1-B643-957180618E17}.Debug|ARM.ActiveCfg = Debug|iPhoneSimulator
		{AD5C7266-69A0-4FF1-B643-957180618E17}.Debug|ARM.Build.0 = Debug|iPhoneSimulator
		{AD5C7266-69A0-4FF1-B643-957180618E17}.Debug|ARM.Deploy.0 = Debug|iPhoneSimulator
		{AD5C7266-69A0-4FF1-B643-957180618E17}.Debug|iPhone.ActiveCfg = Debug|iPhone
		{AD5C7266-69A0-4FF1-B643-957180618E17}.Debug|iPhone.Build.0 = Debug|iPhone
		{AD5C7266-69A0-4FF1-B643-957180618E17}.Debug|iPhone.Deploy.0 = Debug|iPhone
		{AD5C7266-69A0-4FF1-B643-957180618E17}.Debug|iPhoneSimulator.ActiveCfg = Debug|iPhoneSimulator
		{AD5C7266-69A0-4FF1-B643-957180618E17}.Debug|iPhoneSimulator.Build.0 = Debug|iPhoneSimulator
		{AD5C7266-69A0-4FF1-B643-957180618E17}.Debug|iPhoneSimulator.Deploy.0 = Debug|iPhoneSimulator
		{AD5C7266-69A0-4FF1-B643-957180618E17}.Debug|x64.ActiveCfg = Debug|iPhone
		{AD5C7266-69A0-4FF1-B643-957180618E17}.Debug|x64.Build.0 = Debug|iPhone
		{AD5C7266-69A0-4FF1-B643-957180618E17}.Debug|x64.Deploy.0 = Debug|iPhone
		{AD5C7266-69A0-4FF1-B643-957180618E17}.Debug|x86.ActiveCfg = Debug|iPhoneSimulator
		{AD5C7266-69A0-4FF1-B643-957180618E17}.Debug|x86.Build.0 = Debug|iPhoneSimulator
		{AD5C7266-69A0-4FF1-B643-957180618E17}.Debug|x86.Deploy.0 = Debug|iPhoneSimulator
		{AD5C7266-69A0-4FF1-B643-957180618E17}.Release|Any CPU.ActiveCfg = Release|iPhoneSimulator
		{AD5C7266-69A0-4FF1-B643-957180618E17}.Release|Any CPU.Build.0 = Release|iPhoneSimulator
		{AD5C7266-69A0-4FF1-B643-957180618E17}.Release|Any CPU.Deploy.0 = Release|iPhoneSimulator
		{AD5C7266-69A0-4FF1-B643-957180618E17}.Release|ARM.ActiveCfg = Release|iPhoneSimulator
		{AD5C7266-69A0-4FF1-B643-957180618E17}.Release|ARM.Build.0 = Release|iPhoneSimulator
		{AD5C7266-69A0-4FF1-B643-957180618E17}.Release|ARM.Deploy.0 = Release|iPhoneSimulator
		{AD5C7266-69A0-4FF1-B643-957180618E17}.Release|iPhone.ActiveCfg = Release|iPhone
		{AD5C7266-69A0-4FF1-B643-957180618E17}.Release|iPhone.Build.0 = Release|iPhone
		{AD5C7266-69A0-4FF1-B643-957180618E17}.Release|iPhone.Deploy.0 = Release|iPhone
		{AD5C7266-69A0-4FF1-B643-957180618E17}.Release|iPhoneSimulator.ActiveCfg = Release|iPhoneSimulator
		{AD5C7266-69A0-4FF1-B643-957180618E17}.Release|iPhoneSimulator.Build.0 = Release|iPhoneSimulator
		{AD5C7266-69A0-4FF1-B643-957180618E17}.Release|iPhoneSimulator.Deploy.0 = Release|iPhoneSimulator
		{AD5C7266-69A0-4FF1-B643-957180618E17}.Release|x64.ActiveCfg = Release|iPhoneSimulator
		{AD5C7266-69A0-4FF1-B643-957180618E17}.Release|x64.Build.0 = Release|iPhoneSimulator
		{AD5C7266-69A0-4FF1-B643-957180618E17}.Release|x64.Deploy.0 = Release|iPhoneSimulator
		{AD5C7266-69A0-4FF1-B643-957180618E17}.Release|x86.ActiveCfg = Release|iPhoneSimulator
		{AD5C7266-69A0-4FF1-B643-957180618E17}.Release|x86.Build.0 = Release|iPhoneSimulator
		{AD5C7266-69A0-4FF1-B643-957180618E17}.Release|x86.Deploy.0 = Release|iPhoneSimulator
		{E452B2DE-CAB5-4E69-8D27-522E2A9CE48B}.Debug|Any CPU.ActiveCfg = Debug|Any CPU
		{E452B2DE-CAB5-4E69-8D27-522E2A9CE48B}.Debug|Any CPU.Build.0 = Debug|Any CPU
		{E452B2DE-CAB5-4E69-8D27-522E2A9CE48B}.Debug|Any CPU.Deploy.0 = Debug|Any CPU
		{E452B2DE-CAB5-4E69-8D27-522E2A9CE48B}.Debug|ARM.ActiveCfg = Debug|Any CPU
		{E452B2DE-CAB5-4E69-8D27-522E2A9CE48B}.Debug|ARM.Build.0 = Debug|Any CPU
		{E452B2DE-CAB5-4E69-8D27-522E2A9CE48B}.Debug|ARM.Deploy.0 = Debug|Any CPU
		{E452B2DE-CAB5-4E69-8D27-522E2A9CE48B}.Debug|iPhone.ActiveCfg = Debug|Any CPU
		{E452B2DE-CAB5-4E69-8D27-522E2A9CE48B}.Debug|iPhone.Build.0 = Debug|Any CPU
		{E452B2DE-CAB5-4E69-8D27-522E2A9CE48B}.Debug|iPhone.Deploy.0 = Debug|Any CPU
		{E452B2DE-CAB5-4E69-8D27-522E2A9CE48B}.Debug|iPhoneSimulator.ActiveCfg = Debug|Any CPU
		{E452B2DE-CAB5-4E69-8D27-522E2A9CE48B}.Debug|iPhoneSimulator.Build.0 = Debug|Any CPU
		{E452B2DE-CAB5-4E69-8D27-522E2A9CE48B}.Debug|iPhoneSimulator.Deploy.0 = Debug|Any CPU
		{E452B2DE-CAB5-4E69-8D27-522E2A9CE48B}.Debug|x64.ActiveCfg = Debug|Any CPU
		{E452B2DE-CAB5-4E69-8D27-522E2A9CE48B}.Debug|x64.Build.0 = Debug|Any CPU
		{E452B2DE-CAB5-4E69-8D27-522E2A9CE48B}.Debug|x64.Deploy.0 = Debug|Any CPU
		{E452B2DE-CAB5-4E69-8D27-522E2A9CE48B}.Debug|x86.ActiveCfg = Debug|Any CPU
		{E452B2DE-CAB5-4E69-8D27-522E2A9CE48B}.Debug|x86.Build.0 = Debug|Any CPU
		{E452B2DE-CAB5-4E69-8D27-522E2A9CE48B}.Debug|x86.Deploy.0 = Debug|Any CPU
		{E452B2DE-CAB5-4E69-8D27-522E2A9CE48B}.Release|Any CPU.ActiveCfg = Release|Any CPU
		{E452B2DE-CAB5-4E69-8D27-522E2A9CE48B}.Release|Any CPU.Build.0 = Release|Any CPU
		{E452B2DE-CAB5-4E69-8D27-522E2A9CE48B}.Release|Any CPU.Deploy.0 = Release|Any CPU
		{E452B2DE-CAB5-4E69-8D27-522E2A9CE48B}.Release|ARM.ActiveCfg = Release|Any CPU
		{E452B2DE-CAB5-4E69-8D27-522E2A9CE48B}.Release|ARM.Build.0 = Release|Any CPU
		{E452B2DE-CAB5-4E69-8D27-522E2A9CE48B}.Release|ARM.Deploy.0 = Release|Any CPU
		{E452B2DE-CAB5-4E69-8D27-522E2A9CE48B}.Release|iPhone.ActiveCfg = Release|Any CPU
		{E452B2DE-CAB5-4E69-8D27-522E2A9CE48B}.Release|iPhone.Build.0 = Release|Any CPU
		{E452B2DE-CAB5-4E69-8D27-522E2A9CE48B}.Release|iPhone.Deploy.0 = Release|Any CPU
		{E452B2DE-CAB5-4E69-8D27-522E2A9CE48B}.Release|iPhoneSimulator.ActiveCfg = Release|Any CPU
		{E452B2DE-CAB5-4E69-8D27-522E2A9CE48B}.Release|iPhoneSimulator.Build.0 = Release|Any CPU
		{E452B2DE-CAB5-4E69-8D27-522E2A9CE48B}.Release|iPhoneSimulator.Deploy.0 = Release|Any CPU
		{E452B2DE-CAB5-4E69-8D27-522E2A9CE48B}.Release|x64.ActiveCfg = Release|Any CPU
		{E452B2DE-CAB5-4E69-8D27-522E2A9CE48B}.Release|x64.Build.0 = Release|Any CPU
		{E452B2DE-CAB5-4E69-8D27-522E2A9CE48B}.Release|x64.Deploy.0 = Release|Any CPU
		{E452B2DE-CAB5-4E69-8D27-522E2A9CE48B}.Release|x86.ActiveCfg = Release|Any CPU
		{E452B2DE-CAB5-4E69-8D27-522E2A9CE48B}.Release|x86.Build.0 = Release|Any CPU
		{E452B2DE-CAB5-4E69-8D27-522E2A9CE48B}.Release|x86.Deploy.0 = Release|Any CPU
	EndGlobalSection
	GlobalSection(SolutionProperties) = preSolution
		HideSolutionNode = FALSE
	EndGlobalSection
	GlobalSection(ExtensibilityGlobals) = postSolution
		SolutionGuid = {F73671AA-6951-49CC-BCF2-22AB9EEBB002}
	EndGlobalSection
EndGlobal
